github.com/hidden-token-gaming/handbook v0.0.0-20261002134744-8d9ff174a69c h1:D2noGiVUbF1z031D6/BKUEUZI843ze9u7PSFwD/KKGI=
github.com/hidden-token-gaming/handbook v0.0.0-20261002134744-8d9ff174a69c/go.mod h1:gM6lYfnL5Nptry7OqU2ztYFdpv+m69PZ076hsWxWa7U=
github.com/hidden-token-gaming/handbook v0.0.0-20261002181011-7c835a814339 h1:5k1JxKQElYqSjmbY1Hi/4PBa/IfMEEKjKiRo/zRWOHA=
github.com/hidden-token-gaming/handbook v0.0.0-20261002181011-7c835a814339/go.mod h1:gM6lYfnL5Nptry7OqU2ztYFdpv+m69PZ076hsWxWa7U=
github.com/hidden-token-gaming/handbook v0.0.0-20261002184249-e89efcfb9a32 h1:ti29uRBmgvieZbb5aE/dUGIiTarpXgH4awJ/EjtDOyg=
github.com/hidden-token-gaming/handbook v0.0.0-20261002184249-e89efcfb9a32/go.mod h1:gM6lYfnL5Nptry7OqU2ztYFdpv+m69PZ076hsWxWa7U=
